
Microsoft Visual Studio Solution File, Format Version 12.00
# Visual Studio Version 16
VisualStudioVersion = 16.0.31402.337
MinimumVisualStudioVersion = 10.0.40219.1
Project("{FAE04EC0-301F-11D3-BF4B-00C04F79EFBC}") = "NumberGuesser", "NumberGuesser\NumberGuesser.csproj", "{7FF5E425-AE04-462B-99C9-CFD5533B962B}"
EndProject
Global
	GlobalSection(SolutionConfigurationPlatforms) = preSolution
		Debug|Any CPU = Debug|Any CPU
		Release|Any CPU = Release|Any CPU
	EndGlobalSection
	GlobalSection(ProjectConfigurationPlatforms) = postSolution
		{7FF5E425-AE04-462B-99C9-CFD5533B962B}.Debug|Any CPU.ActiveCfg = Debug|Any CPU
		{7FF5E425-AE04-462B-99C9-CFD5533B962B}.Debug|Any CPU.Build.0 = Debug|Any CPU
		{7FF5E425-AE04-462B-99C9-CFD5533B962B}.Release|Any CPU.ActiveCfg = Release|Any CPU
		{7FF5E425-AE04-462B-99C9-CFD5533B962B}.Release|Any CPU.Build.0 = Release|Any CPU
	EndGlobalSection
	GlobalSection(SolutionProperties) = preSolution
		HideSolutionNode = FALSE
	EndGlobalSection
	GlobalSection(ExtensibilityGlobals) = postSolution
		SolutionGuid = {F594478B-B9A2-4344-B67F-109ACA660F23}
	EndGlobalSection
EndGlobal
