
Microsoft Visual Studio Solution File, Format Version 12.00
# Visual Studio Version 16
VisualStudioVersion = 16.0.31402.337
MinimumVisualStudioVersion = 10.0.40219.1
Project("{FAE04EC0-301F-11D3-BF4B-00C04F79EFBC}") = "NumberGuesser", "NumberGuesser\NumberGuesser.csproj", "{1DC6620A-5CD1-45F0-8F09-06B593CF5710}"
EndProject
Global
	GlobalSection(SolutionConfigurationPlatforms) = preSolution
		Debug|Any CPU = Debug|Any CPU
		Release|Any CPU = Release|Any CPU
	EndGlobalSection
	GlobalSection(ProjectConfigurationPlatforms) = postSolution
		{1DC6620A-5CD1-45F0-8F09-06B593CF5710}.Debug|Any CPU.ActiveCfg = Debug|Any CPU
		{1DC6620A-5CD1-45F0-8F09-06B593CF5710}.Debug|Any CPU.Build.0 = Debug|Any CPU
		{1DC6620A-5CD1-45F0-8F09-06B593CF5710}.Release|Any CPU.ActiveCfg = Release|Any CPU
		{1DC6620A-5CD1-45F0-8F09-06B593CF5710}.Release|Any CPU.Build.0 = Release|Any CPU
	EndGlobalSection
	GlobalSection(SolutionProperties) = preSolution
		HideSolutionNode = FALSE
	EndGlobalSection
	GlobalSection(ExtensibilityGlobals) = postSolution
		SolutionGuid = {2577CD64-9D1F-44F5-A874-BCD1FDAA179A}
	EndGlobalSection
EndGlobal
